
Microsoft Visual Studio Solution File, Format Version 12.00
# Visual Studio Version 16
VisualStudioVersion = 16.0.30907.101
MinimumVisualStudioVersion = 10.0.40219.1
Project("{FAE04EC0-301F-11D3-BF4B-00C04F79EFBC}") = "lesson-1", "lesson-1\lesson-1.csproj", "{0F952672-5585-4BBB-99C1-8F0609755610}"
EndProject
Global
	GlobalSection(SolutionConfigurationPlatforms) = preSolution
		Debug|Any CPU = Debug|Any CPU
		Release|Any CPU = Release|Any CPU
	EndGlobalSection
	GlobalSection(ProjectConfigurationPlatforms) = postSolution
		{0F952672-5585-4BBB-99C1-8F0609755610}.Debug|Any CPU.ActiveCfg = Debug|Any CPU
		{0F952672-5585-4BBB-99C1-8F0609755610}.Debug|Any CPU.Build.0 = Debug|Any CPU
		{0F952672-5585-4BBB-99C1-8F0609755610}.Release|Any CPU.ActiveCfg = Release|Any CPU
		{0F952672-5585-4BBB-99C1-8F0609755610}.Release|Any CPU.Build.0 = Release|Any CPU
	EndGlobalSection
	GlobalSection(SolutionProperties) = preSolution
		HideSolutionNode = FALSE
	EndGlobalSection
	GlobalSection(ExtensibilityGlobals) = postSolution
		SolutionGuid = {F29B5B56-4EDB-48DA-9A44-C70B094BF4FA}
	EndGlobalSection
EndGlobal
