
Microsoft Visual Studio Solution File, Format Version 12.00
# Visual Studio Version 16
VisualStudioVersion = 16.0.30907.101
MinimumVisualStudioVersion = 10.0.40219.1
Project("{9A19103F-16F7-4668-BE54-9A1E7A4F7556}") = "CATask-1", "CATask-1\CATask-1.csproj", "{3B7C229D-8492-4A4F-9F3D-50401D2EE75C}"
EndProject
Project("{FAE04EC0-301F-11D3-BF4B-00C04F79EFBC}") = "CATask-2", "CATask-2\CATask-2.csproj", "{B2F89FC9-CF41-425B-BDD0-A2237104723C}"
EndProject
Project("{FAE04EC0-301F-11D3-BF4B-00C04F79EFBC}") = "CATask-3", "CATask-3\CATask-3.csproj", "{3FD45A06-4351-42F0-8A6E-AFB800BE5291}"
EndProject
Global
	GlobalSection(SolutionConfigurationPlatforms) = preSolution
		Debug|Any CPU = Debug|Any CPU
		Release|Any CPU = Release|Any CPU
	EndGlobalSection
	GlobalSection(ProjectConfigurationPlatforms) = postSolution
		{3B7C229D-8492-4A4F-9F3D-50401D2EE75C}.Debug|Any CPU.ActiveCfg = Debug|Any CPU
		{3B7C229D-8492-4A4F-9F3D-50401D2EE75C}.Debug|Any CPU.Build.0 = Debug|Any CPU
		{3B7C229D-8492-4A4F-9F3D-50401D2EE75C}.Release|Any CPU.ActiveCfg = Release|Any CPU
		{3B7C229D-8492-4A4F-9F3D-50401D2EE75C}.Release|Any CPU.Build.0 = Release|Any CPU
		{B2F89FC9-CF41-425B-BDD0-A2237104723C}.Debug|Any CPU.ActiveCfg = Debug|Any CPU
		{B2F89FC9-CF41-425B-BDD0-A2237104723C}.Debug|Any CPU.Build.0 = Debug|Any CPU
		{B2F89FC9-CF41-425B-BDD0-A2237104723C}.Release|Any CPU.ActiveCfg = Release|Any CPU
		{B2F89FC9-CF41-425B-BDD0-A2237104723C}.Release|Any CPU.Build.0 = Release|Any CPU
		{3FD45A06-4351-42F0-8A6E-AFB800BE5291}.Debug|Any CPU.ActiveCfg = Debug|Any CPU
		{3FD45A06-4351-42F0-8A6E-AFB800BE5291}.Debug|Any CPU.Build.0 = Debug|Any CPU
		{3FD45A06-4351-42F0-8A6E-AFB800BE5291}.Release|Any CPU.ActiveCfg = Release|Any CPU
		{3FD45A06-4351-42F0-8A6E-AFB800BE5291}.Release|Any CPU.Build.0 = Release|Any CPU
	EndGlobalSection
	GlobalSection(SolutionProperties) = preSolution
		HideSolutionNode = FALSE
	EndGlobalSection
	GlobalSection(ExtensibilityGlobals) = postSolution
		SolutionGuid = {F55977FB-94BD-42CA-9BD1-57469C978A92}
	EndGlobalSection
EndGlobal
