
Microsoft Visual Studio Solution File, Format Version 12.00
# Visual Studio Version 16
VisualStudioVersion = 16.0.30907.101
MinimumVisualStudioVersion = 10.0.40219.1
Project("{FAE04EC0-301F-11D3-BF4B-00C04F79EFBC}") = "CATask", "CATask\CATask.csproj", "{5B21BCED-A5CB-461A-9F29-0AD13FAC1124}"
EndProject
Global
	GlobalSection(SolutionConfigurationPlatforms) = preSolution
		Debug|Any CPU = Debug|Any CPU
		Release|Any CPU = Release|Any CPU
	EndGlobalSection
	GlobalSection(ProjectConfigurationPlatforms) = postSolution
		{5B21BCED-A5CB-461A-9F29-0AD13FAC1124}.Debug|Any CPU.ActiveCfg = Debug|Any CPU
		{5B21BCED-A5CB-461A-9F29-0AD13FAC1124}.Debug|Any CPU.Build.0 = Debug|Any CPU
		{5B21BCED-A5CB-461A-9F29-0AD13FAC1124}.Release|Any CPU.ActiveCfg = Release|Any CPU
		{5B21BCED-A5CB-461A-9F29-0AD13FAC1124}.Release|Any CPU.Build.0 = Release|Any CPU
	EndGlobalSection
	GlobalSection(SolutionProperties) = preSolution
		HideSolutionNode = FALSE
	EndGlobalSection
	GlobalSection(ExtensibilityGlobals) = postSolution
		SolutionGuid = {FB82883E-B134-4EA9-9521-A6AD308FCF3F}
	EndGlobalSection
EndGlobal
