
Microsoft Visual Studio Solution File, Format Version 12.00
# Visual Studio Version 16
VisualStudioVersion = 16.0.30907.101
MinimumVisualStudioVersion = 10.0.40219.1
Project("{9A19103F-16F7-4668-BE54-9A1E7A4F7556}") = "CAtask1", "CAtask1\CAtask1.csproj", "{42B359E2-73A7-4157-AD19-D15273FE8E76}"
EndProject
Project("{9A19103F-16F7-4668-BE54-9A1E7A4F7556}") = "CATask2", "CATask2\CATask2.csproj", "{3F918578-88D1-4980-8164-0AB5778BE265}"
EndProject
Project("{9A19103F-16F7-4668-BE54-9A1E7A4F7556}") = "CATask3", "CATask3\CATask3.csproj", "{D4E8405F-E5D9-43B9-A0DB-257F5DB51C7E}"
EndProject
Project("{9A19103F-16F7-4668-BE54-9A1E7A4F7556}") = "CATask4", "CATask4\CATask4.csproj", "{57200C7E-17C8-4CA5-B63A-1E0031ACD21F}"
EndProject
Project("{FAE04EC0-301F-11D3-BF4B-00C04F79EFBC}") = "CATask5", "CATask5\CATask5.csproj", "{833F02D3-0652-44CA-A350-0DC89D5494E7}"
EndProject
Global
	GlobalSection(SolutionConfigurationPlatforms) = preSolution
		Debug|Any CPU = Debug|Any CPU
		Release|Any CPU = Release|Any CPU
	EndGlobalSection
	GlobalSection(ProjectConfigurationPlatforms) = postSolution
		{42B359E2-73A7-4157-AD19-D15273FE8E76}.Debug|Any CPU.ActiveCfg = Debug|Any CPU
		{42B359E2-73A7-4157-AD19-D15273FE8E76}.Debug|Any CPU.Build.0 = Debug|Any CPU
		{42B359E2-73A7-4157-AD19-D15273FE8E76}.Release|Any CPU.ActiveCfg = Release|Any CPU
		{42B359E2-73A7-4157-AD19-D15273FE8E76}.Release|Any CPU.Build.0 = Release|Any CPU
		{3F918578-88D1-4980-8164-0AB5778BE265}.Debug|Any CPU.ActiveCfg = Debug|Any CPU
		{3F918578-88D1-4980-8164-0AB5778BE265}.Debug|Any CPU.Build.0 = Debug|Any CPU
		{3F918578-88D1-4980-8164-0AB5778BE265}.Release|Any CPU.ActiveCfg = Release|Any CPU
		{3F918578-88D1-4980-8164-0AB5778BE265}.Release|Any CPU.Build.0 = Release|Any CPU
		{D4E8405F-E5D9-43B9-A0DB-257F5DB51C7E}.Debug|Any CPU.ActiveCfg = Debug|Any CPU
		{D4E8405F-E5D9-43B9-A0DB-257F5DB51C7E}.Debug|Any CPU.Build.0 = Debug|Any CPU
		{D4E8405F-E5D9-43B9-A0DB-257F5DB51C7E}.Release|Any CPU.ActiveCfg = Release|Any CPU
		{D4E8405F-E5D9-43B9-A0DB-257F5DB51C7E}.Release|Any CPU.Build.0 = Release|Any CPU
		{57200C7E-17C8-4CA5-B63A-1E0031ACD21F}.Debug|Any CPU.ActiveCfg = Debug|Any CPU
		{57200C7E-17C8-4CA5-B63A-1E0031ACD21F}.Debug|Any CPU.Build.0 = Debug|Any CPU
		{57200C7E-17C8-4CA5-B63A-1E0031ACD21F}.Release|Any CPU.ActiveCfg = Release|Any CPU
		{57200C7E-17C8-4CA5-B63A-1E0031ACD21F}.Release|Any CPU.Build.0 = Release|Any CPU
		{833F02D3-0652-44CA-A350-0DC89D5494E7}.Debug|Any CPU.ActiveCfg = Debug|Any CPU
		{833F02D3-0652-44CA-A350-0DC89D5494E7}.Debug|Any CPU.Build.0 = Debug|Any CPU
		{833F02D3-0652-44CA-A350-0DC89D5494E7}.Release|Any CPU.ActiveCfg = Release|Any CPU
		{833F02D3-0652-44CA-A350-0DC89D5494E7}.Release|Any CPU.Build.0 = Release|Any CPU
	EndGlobalSection
	GlobalSection(SolutionProperties) = preSolution
		HideSolutionNode = FALSE
	EndGlobalSection
	GlobalSection(ExtensibilityGlobals) = postSolution
		SolutionGuid = {107718D5-FC98-4468-9F16-F6CBDB56588B}
	EndGlobalSection
EndGlobal
